Microsoft Visual Studio Solution File, Format Version 12.00
# Visual Studio Version 17
VisualStudioVersion = 17.5.2.0
MinimumVisualStudioVersion = 10.0.40219.1
Project("{2150E333-8FDC-42A3-9474-1A3956D46DE8}") = "src", "src", "{69650E51-F785-49CD-8143-6C56FD07BE16}"
EndProject
Project("{FAE04EC0-301F-11D3-BF4B-00C04F79EFBC}") = "Users.Api", "src\Users.Api\Users.Api.csproj", "{A5923F38-F164-4F4B-B651-EA77CE49526B}"
EndProject
Global
	GlobalSection(SolutionConfigurationPlatforms) = preSolution
		Debug|Any CPU = Debug|Any CPU
		Release|Any CPU = Release|Any CPU
	EndGlobalSection
	GlobalSection(ProjectConfigurationPlatforms) = postSolution
		{A5923F38-F164-4F4B-B651-EA77CE49526B}.Debug|Any CPU.ActiveCfg = Debug|Any CPU
		{A5923F38-F164-4F4B-B651-EA77CE49526B}.Debug|Any CPU.Build.0 = Debug|Any CPU
		{A5923F38-F164-4F4B-B651-EA77CE49526B}.Release|Any CPU.ActiveCfg = Release|Any CPU
		{A5923F38-F164-4F4B-B651-EA77CE49526B}.Release|Any CPU.Build.0 = Release|Any CPU
	EndGlobalSection
	GlobalSection(SolutionProperties) = preSolution
		HideSolutionNode = FALSE
	EndGlobalSection
	GlobalSection(ExtensibilityGlobals) = postSolution
		SolutionGuid = {2D3767E3-755A-4352-9CD0-32EA09D09232}
	EndGlobalSection
	GlobalSection(NestedProjects) = preSolution
		{A5923F38-F164-4F4B-B651-EA77CE49526B} = {69650E51-F785-49CD-8143-6C56FD07BE16}
	EndGlobalSection
EndGlobal
